
Microsoft Visual Studio Solution File, Format Version 12.00
# Visual Studio Version 16
VisualStudioVersion = 16.0.30517.126
MinimumVisualStudioVersion = 10.0.40219.1
Project("{FAE04EC0-301F-11D3-BF4B-00C04F79EFBC}") = "MTGADraftHelper", "MTGADraftHelper.csproj", "{0D204E26-EEEC-439C-A8A3-9DFE838589BE}"
EndProject
Global
	GlobalSection(SolutionConfigurationPlatforms) = preSolution
		Debug|Any CPU = Debug|Any CPU
		Release|Any CPU = Release|Any CPU
	EndGlobalSection
	GlobalSection(ProjectConfigurationPlatforms) = postSolution
		{0D204E26-EEEC-439C-A8A3-9DFE838589BE}.Debug|Any CPU.ActiveCfg = Debug|Any CPU
		{0D204E26-EEEC-439C-A8A3-9DFE838589BE}.Debug|Any CPU.Build.0 = Debug|Any CPU
		{0D204E26-EEEC-439C-A8A3-9DFE838589BE}.Release|Any CPU.ActiveCfg = Release|Any CPU
		{0D204E26-EEEC-439C-A8A3-9DFE838589BE}.Release|Any CPU.Build.0 = Release|Any CPU
	EndGlobalSection
	GlobalSection(SolutionProperties) = preSolution
		HideSolutionNode = FALSE
	EndGlobalSection
	GlobalSection(ExtensibilityGlobals) = postSolution
		SolutionGuid = {AC718EFC-C3D6-41E0-931F-D0B2F8C4C639}
	EndGlobalSection
EndGlobal
